
Microsoft Visual Studio Solution File, Format Version 12.00
# Visual Studio 15
Project("{FAE04EC0-301F-11D3-BF4B-00C04F79EFBC}") = "Assembly-CSharp", "Assembly-CSharp.csproj", "{6CBD6E0E-E5FA-2CEB-7061-1876D29BDA33}"
EndProject
Project("{FAE04EC0-301F-11D3-BF4B-00C04F79EFBC}") = "Assembly-CSharp-Editor", "Assembly-CSharp-Editor.csproj", "{52517027-88FC-30A5-8581-F04EE84CB120}"
EndProject
Project("{FAE04EC0-301F-11D3-BF4B-00C04F79EFBC}") = "Assembly-CSharp-Editor-firstpass", "Assembly-CSharp-Editor-firstpass.csproj", "{47BDDBD6-C05D-9538-32E8-98418BE792F3}"
EndProject
Global
	GlobalSection(SolutionConfigurationPlatforms) = preSolution
		Debug|Any CPU = Debug|Any CPU
		Release|Any CPU = Release|Any CPU
	EndGlobalSection
	GlobalSection(ProjectConfigurationPlatforms) = postSolution
		{6CBD6E0E-E5FA-2CEB-7061-1876D29BDA33}.Debug|Any CPU.ActiveCfg = Debug|Any CPU
		{6CBD6E0E-E5FA-2CEB-7061-1876D29BDA33}.Debug|Any CPU.Build.0 = Debug|Any CPU
		{6CBD6E0E-E5FA-2CEB-7061-1876D29BDA33}.Release|Any CPU.ActiveCfg = Release|Any CPU
		{6CBD6E0E-E5FA-2CEB-7061-1876D29BDA33}.Release|Any CPU.Build.0 = Release|Any CPU
		{52517027-88FC-30A5-8581-F04EE84CB120}.Debug|Any CPU.ActiveCfg = Debug|Any CPU
		{52517027-88FC-30A5-8581-F04EE84CB120}.Debug|Any CPU.Build.0 = Debug|Any CPU
		{52517027-88FC-30A5-8581-F04EE84CB120}.Release|Any CPU.ActiveCfg = Release|Any CPU
		{52517027-88FC-30A5-8581-F04EE84CB120}.Release|Any CPU.Build.0 = Release|Any CPU
		{47BDDBD6-C05D-9538-32E8-98418BE792F3}.Debug|Any CPU.ActiveCfg = Debug|Any CPU
		{47BDDBD6-C05D-9538-32E8-98418BE792F3}.Debug|Any CPU.Build.0 = Debug|Any CPU
		{47BDDBD6-C05D-9538-32E8-98418BE792F3}.Release|Any CPU.ActiveCfg = Release|Any CPU
		{47BDDBD6-C05D-9538-32E8-98418BE792F3}.Release|Any CPU.Build.0 = Release|Any CPU
	EndGlobalSection
	GlobalSection(SolutionProperties) = preSolution
		HideSolutionNode = FALSE
	EndGlobalSection
	GlobalSection(MonoDevelopProperties) = preSolution
		StartupItem = Assembly-CSharp.csproj
	EndGlobalSection
EndGlobal
