
Microsoft Visual Studio Solution File, Format Version 12.00
# Visual Studio 15
Project("{FAE04EC0-301F-11D3-BF4B-00C04F79EFBC}") = "Assembly-CSharp", "Assembly-CSharp.csproj", "{50AFD658-913F-20A3-3067-34FB48044499}"
EndProject
Project("{FAE04EC0-301F-11D3-BF4B-00C04F79EFBC}") = "Assembly-CSharp-Editor", "Assembly-CSharp-Editor.csproj", "{D325B2F5-B82D-0275-9295-17F5B00578DB}"
EndProject
Project("{FAE04EC0-301F-11D3-BF4B-00C04F79EFBC}") = "Assembly-CSharp-Editor-firstpass", "Assembly-CSharp-Editor-firstpass.csproj", "{B27EF19D-E584-D4C2-5CA9-F5944EB37FE3}"
EndProject
Global
	GlobalSection(SolutionConfigurationPlatforms) = preSolution
		Debug|Any CPU = Debug|Any CPU
		Release|Any CPU = Release|Any CPU
	EndGlobalSection
	GlobalSection(ProjectConfigurationPlatforms) = postSolution
		{50AFD658-913F-20A3-3067-34FB48044499}.Debug|Any CPU.ActiveCfg = Debug|Any CPU
		{50AFD658-913F-20A3-3067-34FB48044499}.Debug|Any CPU.Build.0 = Debug|Any CPU
		{50AFD658-913F-20A3-3067-34FB48044499}.Release|Any CPU.ActiveCfg = Release|Any CPU
		{50AFD658-913F-20A3-3067-34FB48044499}.Release|Any CPU.Build.0 = Release|Any CPU
		{D325B2F5-B82D-0275-9295-17F5B00578DB}.Debug|Any CPU.ActiveCfg = Debug|Any CPU
		{D325B2F5-B82D-0275-9295-17F5B00578DB}.Debug|Any CPU.Build.0 = Debug|Any CPU
		{D325B2F5-B82D-0275-9295-17F5B00578DB}.Release|Any CPU.ActiveCfg = Release|Any CPU
		{D325B2F5-B82D-0275-9295-17F5B00578DB}.Release|Any CPU.Build.0 = Release|Any CPU
		{B27EF19D-E584-D4C2-5CA9-F5944EB37FE3}.Debug|Any CPU.ActiveCfg = Debug|Any CPU
		{B27EF19D-E584-D4C2-5CA9-F5944EB37FE3}.Debug|Any CPU.Build.0 = Debug|Any CPU
		{B27EF19D-E584-D4C2-5CA9-F5944EB37FE3}.Release|Any CPU.ActiveCfg = Release|Any CPU
		{B27EF19D-E584-D4C2-5CA9-F5944EB37FE3}.Release|Any CPU.Build.0 = Release|Any CPU
	EndGlobalSection
	GlobalSection(SolutionProperties) = preSolution
		HideSolutionNode = FALSE
	EndGlobalSection
EndGlobal
